{
  "name": "open-source-guide-for-frontEnd-projects",
  "version": "1.0.0",
  "lockfileVersion": 1,
  "requires": true,
  "dependencies": {
    "typescript": {
      "version": "4.3.4",
      "resolved": "https://registry.nlark.com/typescript/download/typescript-4.3.4.tgz?cache=0&sync_timestamp=1624173657358&other_urls=https%3A%2F%2Fregistry.nlark.com%2Ftypescript%2Fdownload%2Ftypescript-4.3.4.tgz",
      "integrity": "sha1-P4W5hpRbzzEHHezdls+L+mX53Lw=",
      "dev": true
    }
  }
}
